
Microsoft Visual Studio Solution File, Format Version 12.00
# Visual Studio Version 16
VisualStudioVersion = 16.0.28729.10
MinimumVisualStudioVersion = 10.0.40219.1
Project("{8BC9CEB8-8B4A-11D0-8D11-00A0C91BC942}") = "Lab4", "Lab4\Lab4.vcxproj", "{D235593D-3877-40E0-B270-51C29DA87479}"
EndProject
Project("{8BC9CEB8-8B4A-11D0-8D11-00A0C91BC942}") = "Lab5", "Lab5\Lab5.vcxproj", "{23FE1ED0-9EA1-4CBB-B36F-C2A1C4BD98E2}"
EndProject
Project("{8BC9CEB8-8B4A-11D0-8D11-00A0C91BC942}") = "Lab6", "Lab6\Lab6.vcxproj", "{18B99E10-AC4E-4932-87E1-007715DAAF41}"
EndProject
Project("{8BC9CEB8-8B4A-11D0-8D11-00A0C91BC942}") = "Lab8", "Lab8\Lab8.vcxproj", "{2ABC5181-DBE1-4415-8F27-0592FC2B3916}"
EndProject
Project("{8BC9CEB8-8B4A-11D0-8D11-00A0C91BC942}") = "Lab7", "Lab7\Lab7.vcxproj", "{9808DD7F-AD78-4F23-9CF0-34886DC623BB}"
EndProject
Project("{8BC9CEB8-8B4A-11D0-8D11-00A0C91BC942}") = "Lab9", "Lab9\Lab9.vcxproj", "{EEE5277D-2428-41F4-8E2D-EFF1B6329852}"
EndProject
Project("{8BC9CEB8-8B4A-11D0-8D11-00A0C91BC942}") = "Lab10", "Lab10\Lab10.vcxproj", "{37176878-E553-4553-9C76-C37D2B4210B7}"
EndProject
Project("{FAE04EC0-301F-11D3-BF4B-00C04F79EFBC}") = "lab 11", "lab 11\lab 11\lab 11.csproj", "{429F8FE1-16B2-457E-A826-23CB88CA8240}"
EndProject
Global
	GlobalSection(SolutionConfigurationPlatforms) = preSolution
		Debug|Any CPU = Debug|Any CPU
		Debug|x64 = Debug|x64
		Debug|x86 = Debug|x86
		Release|Any CPU = Release|Any CPU
		Release|x64 = Release|x64
		Release|x86 = Release|x86
	EndGlobalSection
	GlobalSection(ProjectConfigurationPlatforms) = postSolution
		{D235593D-3877-40E0-B270-51C29DA87479}.Debug|Any CPU.ActiveCfg = Debug|Win32
		{D235593D-3877-40E0-B270-51C29DA87479}.Debug|x64.ActiveCfg = Debug|x64
		{D235593D-3877-40E0-B270-51C29DA87479}.Debug|x64.Build.0 = Debug|x64
		{D235593D-3877-40E0-B270-51C29DA87479}.Debug|x86.ActiveCfg = Debug|Win32
		{D235593D-3877-40E0-B270-51C29DA87479}.Debug|x86.Build.0 = Debug|Win32
		{D235593D-3877-40E0-B270-51C29DA87479}.Release|Any CPU.ActiveCfg = Release|Win32
		{D235593D-3877-40E0-B270-51C29DA87479}.Release|x64.ActiveCfg = Release|x64
		{D235593D-3877-40E0-B270-51C29DA87479}.Release|x64.Build.0 = Release|x64
		{D235593D-3877-40E0-B270-51C29DA87479}.Release|x86.ActiveCfg = Release|Win32
		{D235593D-3877-40E0-B270-51C29DA87479}.Release|x86.Build.0 = Release|Win32
		{23FE1ED0-9EA1-4CBB-B36F-C2A1C4BD98E2}.Debug|Any CPU.ActiveCfg = Debug|Win32
		{23FE1ED0-9EA1-4CBB-B36F-C2A1C4BD98E2}.Debug|x64.ActiveCfg = Debug|x64
		{23FE1ED0-9EA1-4CBB-B36F-C2A1C4BD98E2}.Debug|x64.Build.0 = Debug|x64
		{23FE1ED0-9EA1-4CBB-B36F-C2A1C4BD98E2}.Debug|x86.ActiveCfg = Debug|Win32
		{23FE1ED0-9EA1-4CBB-B36F-C2A1C4BD98E2}.Debug|x86.Build.0 = Debug|Win32
		{23FE1ED0-9EA1-4CBB-B36F-C2A1C4BD98E2}.Release|Any CPU.ActiveCfg = Release|Win32
		{23FE1ED0-9EA1-4CBB-B36F-C2A1C4BD98E2}.Release|x64.ActiveCfg = Release|x64
		{23FE1ED0-9EA1-4CBB-B36F-C2A1C4BD98E2}.Release|x64.Build.0 = Release|x64
		{23FE1ED0-9EA1-4CBB-B36F-C2A1C4BD98E2}.Release|x86.ActiveCfg = Release|Win32
		{23FE1ED0-9EA1-4CBB-B36F-C2A1C4BD98E2}.Release|x86.Build.0 = Release|Win32
		{18B99E10-AC4E-4932-87E1-007715DAAF41}.Debug|Any CPU.ActiveCfg = Debug|Win32
		{18B99E10-AC4E-4932-87E1-007715DAAF41}.Debug|x64.ActiveCfg = Debug|x64
		{18B99E10-AC4E-4932-87E1-007715DAAF41}.Debug|x64.Build.0 = Debug|x64
		{18B99E10-AC4E-4932-87E1-007715DAAF41}.Debug|x86.ActiveCfg = Debug|Win32
		{18B99E10-AC4E-4932-87E1-007715DAAF41}.Debug|x86.Build.0 = Debug|Win32
		{18B99E10-AC4E-4932-87E1-007715DAAF41}.Release|Any CPU.ActiveCfg = Release|Win32
		{18B99E10-AC4E-4932-87E1-007715DAAF41}.Release|x64.ActiveCfg = Release|x64
		{18B99E10-AC4E-4932-87E1-007715DAAF41}.Release|x64.Build.0 = Release|x64
		{18B99E10-AC4E-4932-87E1-007715DAAF41}.Release|x86.ActiveCfg = Release|Win32
		{18B99E10-AC4E-4932-87E1-007715DAAF41}.Release|x86.Build.0 = Release|Win32
		{2ABC5181-DBE1-4415-8F27-0592FC2B3916}.Debug|Any CPU.ActiveCfg = Debug|Win32
		{2ABC5181-DBE1-4415-8F27-0592FC2B3916}.Debug|x64.ActiveCfg = Debug|x64
		{2ABC5181-DBE1-4415-8F27-0592FC2B3916}.Debug|x64.Build.0 = Debug|x64
		{2ABC5181-DBE1-4415-8F27-0592FC2B3916}.Debug|x86.ActiveCfg = Debug|Win32
		{2ABC5181-DBE1-4415-8F27-0592FC2B3916}.Debug|x86.Build.0 = Debug|Win32
		{2ABC5181-DBE1-4415-8F27-0592FC2B3916}.Release|Any CPU.ActiveCfg = Release|Win32
		{2ABC5181-DBE1-4415-8F27-0592FC2B3916}.Release|x64.ActiveCfg = Release|x64
		{2ABC5181-DBE1-4415-8F27-0592FC2B3916}.Release|x64.Build.0 = Release|x64
		{2ABC5181-DBE1-4415-8F27-0592FC2B3916}.Release|x86.ActiveCfg = Release|Win32
		{2ABC5181-DBE1-4415-8F27-0592FC2B3916}.Release|x86.Build.0 = Release|Win32
		{9808DD7F-AD78-4F23-9CF0-34886DC623BB}.Debug|Any CPU.ActiveCfg = Debug|Win32
		{9808DD7F-AD78-4F23-9CF0-34886DC623BB}.Debug|x64.ActiveCfg = Debug|x64
		{9808DD7F-AD78-4F23-9CF0-34886DC623BB}.Debug|x64.Build.0 = Debug|x64
		{9808DD7F-AD78-4F23-9CF0-34886DC623BB}.Debug|x86.ActiveCfg = Debug|Win32
		{9808DD7F-AD78-4F23-9CF0-34886DC623BB}.Debug|x86.Build.0 = Debug|Win32
		{9808DD7F-AD78-4F23-9CF0-34886DC623BB}.Release|Any CPU.ActiveCfg = Release|Win32
		{9808DD7F-AD78-4F23-9CF0-34886DC623BB}.Release|x64.ActiveCfg = Release|x64
		{9808DD7F-AD78-4F23-9CF0-34886DC623BB}.Release|x64.Build.0 = Release|x64
		{9808DD7F-AD78-4F23-9CF0-34886DC623BB}.Release|x86.ActiveCfg = Release|Win32
		{9808DD7F-AD78-4F23-9CF0-34886DC623BB}.Release|x86.Build.0 = Release|Win32
		{EEE5277D-2428-41F4-8E2D-EFF1B6329852}.Debug|Any CPU.ActiveCfg = Debug|Win32
		{EEE5277D-2428-41F4-8E2D-EFF1B6329852}.Debug|x64.ActiveCfg = Debug|x64
		{EEE5277D-2428-41F4-8E2D-EFF1B6329852}.Debug|x64.Build.0 = Debug|x64
		{EEE5277D-2428-41F4-8E2D-EFF1B6329852}.Debug|x86.ActiveCfg = Debug|Win32
		{EEE5277D-2428-41F4-8E2D-EFF1B6329852}.Debug|x86.Build.0 = Debug|Win32
		{EEE5277D-2428-41F4-8E2D-EFF1B6329852}.Release|Any CPU.ActiveCfg = Release|Win32
		{EEE5277D-2428-41F4-8E2D-EFF1B6329852}.Release|x64.ActiveCfg = Release|x64
		{EEE5277D-2428-41F4-8E2D-EFF1B6329852}.Release|x64.Build.0 = Release|x64
		{EEE5277D-2428-41F4-8E2D-EFF1B6329852}.Release|x86.ActiveCfg = Release|Win32
		{EEE5277D-2428-41F4-8E2D-EFF1B6329852}.Release|x86.Build.0 = Release|Win32
		{37176878-E553-4553-9C76-C37D2B4210B7}.Debug|Any CPU.ActiveCfg = Debug|Win32
		{37176878-E553-4553-9C76-C37D2B4210B7}.Debug|x64.ActiveCfg = Debug|x64
		{37176878-E553-4553-9C76-C37D2B4210B7}.Debug|x64.Build.0 = Debug|x64
		{37176878-E553-4553-9C76-C37D2B4210B7}.Debug|x86.ActiveCfg = Debug|Win32
		{37176878-E553-4553-9C76-C37D2B4210B7}.Debug|x86.Build.0 = Debug|Win32
		{37176878-E553-4553-9C76-C37D2B4210B7}.Release|Any CPU.ActiveCfg = Release|Win32
		{37176878-E553-4553-9C76-C37D2B4210B7}.Release|x64.ActiveCfg = Release|x64
		{37176878-E553-4553-9C76-C37D2B4210B7}.Release|x64.Build.0 = Release|x64
		{37176878-E553-4553-9C76-C37D2B4210B7}.Release|x86.ActiveCfg = Release|Win32
		{37176878-E553-4553-9C76-C37D2B4210B7}.Release|x86.Build.0 = Release|Win32
		{429F8FE1-16B2-457E-A826-23CB88CA8240}.Debug|Any CPU.ActiveCfg = Debug|Any CPU
		{429F8FE1-16B2-457E-A826-23CB88CA8240}.Debug|Any CPU.Build.0 = Debug|Any CPU
		{429F8FE1-16B2-457E-A826-23CB88CA8240}.Debug|x64.ActiveCfg = Debug|Any CPU
		{429F8FE1-16B2-457E-A826-23CB88CA8240}.Debug|x64.Build.0 = Debug|Any CPU
		{429F8FE1-16B2-457E-A826-23CB88CA8240}.Debug|x86.ActiveCfg = Debug|Any CPU
		{429F8FE1-16B2-457E-A826-23CB88CA8240}.Debug|x86.Build.0 = Debug|Any CPU
		{429F8FE1-16B2-457E-A826-23CB88CA8240}.Release|Any CPU.ActiveCfg = Release|Any CPU
		{429F8FE1-16B2-457E-A826-23CB88CA8240}.Release|Any CPU.Build.0 = Release|Any CPU
		{429F8FE1-16B2-457E-A826-23CB88CA8240}.Release|x64.ActiveCfg = Release|Any CPU
		{429F8FE1-16B2-457E-A826-23CB88CA8240}.Release|x64.Build.0 = Release|Any CPU
		{429F8FE1-16B2-457E-A826-23CB88CA8240}.Release|x86.ActiveCfg = Release|Any CPU
		{429F8FE1-16B2-457E-A826-23CB88CA8240}.Release|x86.Build.0 = Release|Any CPU
	EndGlobalSection
	GlobalSection(SolutionProperties) = preSolution
		HideSolutionNode = FALSE
	EndGlobalSection
	GlobalSection(ExtensibilityGlobals) = postSolution
		SolutionGuid = {1405DCCB-790E-47DA-B938-4052910769AB}
	EndGlobalSection
EndGlobal
